// !$*UTF8*$!
{
	archiveVersion = 1;
	classes = {
	};
	objectVersion = 46;
	objects = {

/* Begin PBXBuildFile section */
		42E2714A1B0BEDAB00A3316F /* mongoose.h in Headers */ = {isa = PBXBuildFile; fileRef = 42E271491B0BEDAB00A3316F /* mongoose.h */; };
		42E2714C1B0BEDB500A3316F /* mongoose.c in Sources */ = {isa = PBXBuildFile; fileRef = 42E2714B1B0BEDB500A3316F /* mongoose.c */; };
/* End PBXBuildFile section */

/* Begin PBXFileReference section */
		42E2713C1B0BED5500A3316F /* libmongoose.a */ = {isa = PBXFileReference; explicitFileType = archive.ar; includeInIndex = 0; path = libmongoose.a; sourceTree = BUILT_PRODUCTS_DIR; };
		42E271491B0BEDAB00A3316F /* mongoose.h */ = {isa = PBXFileReference; fileEncoding = 4; lastKnownFileType = sourcecode.c.h; name = mongoose.h; path = ../mongoose.h; sourceTree = "<group>"; };
		42E2714B1B0BEDB500A3316F /* mongoose.c */ = {isa = PBXFileReference; fileEncoding = 4; lastKnownFileType = sourcecode.c.c; name = mongoose.c; path = ../mongoose.c; sourceTree = "<group>"; };
/* End PBXFileReference section */

/* Begin PBXFrameworksBuildPhase section */
		42E271391B0BED5500A3316F /* Frameworks */ = {
			isa = PBXFrameworksBuildPhase;
			buildActionMask = 2147483647;
			files = (
			);
			runOnlyForDeploymentPostprocessing = 0;
		};
/* End PBXFrameworksBuildPhase section */

/* Begin PBXGroup section */
		42E271331B0BED5500A3316F = {
			isa = PBXGroup;
			children = (
				42E271491B0BEDAB00A3316F /* mongoose.h */,
				42E2714B1B0BEDB500A3316F /* mongoose.c */,
				42E2713D1B0BED5500A3316F /* Products */,
			);
			sourceTree = "<group>";
		};
		42E2713D1B0BED5500A3316F /* Products */ = {
			isa = PBXGroup;
			children = (
				42E2713C1B0BED5500A3316F /* libmongoose.a */,
			);
			name = Products;
			sourceTree = "<group>";
		};
/* End PBXGroup section */

/* Begin PBXHeadersBuildPhase section */
		42E2713A1B0BED5500A3316F /* Headers */ = {
			isa = PBXHeadersBuildPhase;
			buildActionMask = 2147483647;
			files = (
				42E2714A1B0BEDAB00A3316F /* mongoose.h in Headers */,
			);
			runOnlyForDeploymentPostprocessing = 0;
		};
/* End PBXHeadersBuildPhase section */

/* Begin PBXNativeTarget section */
		42E2713B1B0BED5500A3316F /* mongoose */ = {
			isa = PBXNativeTarget;
			buildConfigurationList = 42E271401B0BED5500A3316F /* Build configuration list for PBXNativeTarget "mongoose" */;
			buildPhases = (
				42E271381B0BED5500A3316F /* Sources */,
				42E271391B0BED5500A3316F /* Frameworks */,
				42E2713A1B0BED5500A3316F /* Headers */,
			);
			buildRules = (
			);
			dependencies = (
			);
			name = mongoose;
			productName = mongoose;
			productReference = 42E2713C1B0BED5500A3316F /* libmongoose.a */;
			productType = "com.apple.product-type.library.static";
		};
/* End PBXNativeTarget section */

/* Begin PBXProject section */
		42E271341B0BED5500A3316F /* Project object */ = {
			isa = PBXProject;
			attributes = {
				LastUpgradeCheck = 0620;
				ORGANIZATIONNAME = "Robin Lockhart";
				TargetAttributes = {
					42E2713B1B0BED5500A3316F = {
						CreatedOnToolsVersion = 6.2;
					};
				};
			};
			buildConfigurationList = 42E271371B0BED5500A3316F /* Build configuration list for PBXProject "mongoose" */;
			compatibilityVersion = "Xcode 3.2";
			developmentRegion = English;
			hasScannedForEncodings = 0;
			knownRegions = (
				en,
			);
			mainGroup = 42E271331B0BED5500A3316F;
			productRefGroup = 42E2713D1B0BED5500A3316F /* Products */;
			projectDirPath = "";
			projectRoot = "";
			targets = (
				42E2713B1B0BED5500A3316F /* mongoose */,
			);
		};
/* End PBXProject section */

/* Begin PBXSourcesBuildPhase section */
		42E271381B0BED5500A3316F /* Sources */ = {
			isa = PBXSourcesBuildPhase;
			buildActionMask = 2147483647;
			files = (
				42E2714C1B0BEDB500A3316F /* mongoose.c in Sources */,
			);
			runOnlyForDeploymentPostprocessing = 0;
		};
/* End PBXSourcesBuildPhase section */

/* Begin XCBuildConfiguration section */
		42E2713E1B0BED5500A3316F /* Debug */ = {
			isa = XCBuildConfiguration;
			buildSettings = {
				ALWAYS_SEARCH_USER_PATHS = NO;
				CLANG_CXX_LANGUAGE_STANDARD = "gnu++0x";
				CLANG_CXX_LIBRARY = "libc++";
				CLANG_ENABLE_MODULES = YES;
				CLANG_ENABLE_OBJC_ARC = YES;
				CLANG_WARN_BOOL_CONVERSION = YES;
				CLANG_WARN_CONSTANT_CONVERSION = YES;
				CLANG_WARN_DIRECT_OBJC_ISA_USAGE = YES_ERROR;
				CLANG_WARN_EMPTY_BODY = YES;
				CLANG_WARN_ENUM_CONVERSION = YES;
				CLANG_WARN_INT_CONVERSION = YES;
				CLANG_WARN_OBJC_ROOT_CLASS = YES_ERROR;
				CLANG_WARN_UNREACHABLE_CODE = YES;
				CLANG_WARN__DUPLICATE_METHOD_MATCH = YES;
				COPY_PHASE_STRIP = NO;
				ENABLE_STRICT_OBJC_MSGSEND = YES;
				GCC_C_LANGUAGE_STANDARD = gnu99;
				GCC_DYNAMIC_NO_PIC = NO;
				GCC_OPTIMIZATION_LEVEL = 0;
				GCC_PREPROCESSOR_DEFINITIONS = (
					"DEBUG=1",
					"$(inherited)",
				);
				GCC_SYMBOLS_PRIVATE_EXTERN = NO;
				GCC_WARN_64_TO_32_BIT_CONVERSION = YES;
				GCC_WARN_ABOUT_RETURN_TYPE = YES_ERROR;
				GCC_WARN_UNDECLARED_SELECTOR = YES;
				GCC_WARN_UNINITIALIZED_AUTOS = YES_AGGRESSIVE;
				GCC_WARN_UNUSED_FUNCTION = YES;
				GCC_WARN_UNUSED_VARIABLE = YES;
				MACOSX_DEPLOYMENT_TARGET = 10.10;
				MTL_ENABLE_DEBUG_INFO = YES;
				ONLY_ACTIVE_ARCH = NO;
				SDKROOT = macosx;
			};
			name = Debug;
		};
		42E2713F1B0BED5500A3316F /* Release */ = {
			isa = XCBuildConfiguration;
			buildSettings = {
				ALWAYS_SEARCH_USER_PATHS = NO;
				CLANG_CXX_LANGUAGE_STANDARD = "gnu++0x";
				CLANG_CXX_LIBRARY = "libc++";
				CLANG_ENABLE_MODULES = YES;
				CLANG_ENABLE_OBJC_ARC = YES;
				CLANG_WARN_BOOL_CONVERSION = YES;
				CLANG_WARN_CONSTANT_CONVERSION = YES;
				CLANG_WARN_DIRECT_OBJC_ISA_USAGE = YES_ERROR;
				CLANG_WARN_EMPTY_BODY = YES;
				CLANG_WARN_ENUM_CONVERSION = YES;
				CLANG_WARN_INT_CONVERSION = YES;
				CLANG_WARN_OBJC_ROOT_CLASS = YES_ERROR;
				CLANG_WARN_UNREACHABLE_CODE = YES;
				CLANG_WARN__DUPLICATE_METHOD_MATCH = YES;
				COPY_PHASE_STRIP = NO;
				DEBUG_INFORMATION_FORMAT = "dwarf-with-dsym";
				ENABLE_NS_ASSERTIONS = NO;
				ENABLE_STRICT_OBJC_MSGSEND = YES;
				GCC_C_LANGUAGE_STANDARD = gnu99;
				GCC_WARN_64_TO_32_BIT_CONVERSION = YES;
				GCC_WARN_ABOUT_RETURN_TYPE = YES_ERROR;
				GCC_WARN_UNDECLARED_SELECTOR = YES;
				GCC_WARN_UNINITIALIZED_AUTOS = YES_AGGRESSIVE;
				GCC_WARN_UNUSED_FUNCTION = YES;
				GCC_WARN_UNUSED_VARIABLE = YES;
				MACOSX_DEPLOYMENT_TARGET = 10.10;
				MTL_ENABLE_DEBUG_INFO = NO;
				ONLY_ACTIVE_ARCH = NO;
				SDKROOT = macosx;
			};
			name = Release;
		};
		42E271411B0BED5500A3316F /* Debug */ = {
			isa = XCBuildConfiguration;
			buildSettings = {
				EXECUTABLE_PREFIX = lib;
				"MTL_ENABLE_DEBUG_INFO[arch=*]" = YES;
				ONLY_ACTIVE_ARCH = NO;
				PRODUCT_NAME = "$(TARGET_NAME)";
			};
			name = Debug;
		};
		42E271421B0BED5500A3316F /* Release */ = {
			isa = XCBuildConfiguration;
			buildSettings = {
				EXECUTABLE_PREFIX = lib;
				MTL_ENABLE_DEBUG_INFO = NO;
				ONLY_ACTIVE_ARCH = NO;
				PRODUCT_NAME = "$(TARGET_NAME)";
			};
			name = Release;
		};
/* End XCBuildConfiguration section */

/* Begin XCConfigurationList section */
		42E271371B0BED5500A3316F /* Build configuration list for PBXProject "mongoose" */ = {
			isa = XCConfigurationList;
			buildConfigurations = (
				42E2713E1B0BED5500A3316F /* Debug */,
				42E2713F1B0BED5500A3316F /* Release */,
			);
			defaultConfigurationIsVisible = 0;
			defaultConfigurationName = Release;
		};
		42E271401B0BED5500A3316F /* Build configuration list for PBXNativeTarget "mongoose" */ = {
			isa = XCConfigurationList;
			buildConfigurations = (
				42E271411B0BED5500A3316F /* Debug */,
				42E271421B0BED5500A3316F /* Release */,
			);
			defaultConfigurationIsVisible = 0;
		};
/* End XCConfigurationList section */
	};
	rootObject = 42E271341B0BED5500A3316F /* Project object */;
}
