<?xml version="1.0" encoding="utf-8"?>
<Project ToolsVersion="4.0" xmlns="http://schemas.microsoft.com/developer/msbuild/2003">
  <ItemGroup>
    <Filter Include="Header Files">
      <UniqueIdentifier>{93995380-89BD-4b04-88EB-625FBE52EBFB}</UniqueIdentifier>
      <Extensions>h;hpp;hxx;hm;inl;inc;xsd</Extensions>
    </Filter>
    <Filter Include="Resource Files">
      <UniqueIdentifier>{67DA6AB6-F800-4c08-8B7A-83BB121AAD01}</UniqueIdentifier>
      <Extensions>rc;ico;cur;bmp;dlg;rc2;rct;bin;rgs;gif;jpg;jpeg;jpe;resx</Extensions>
    </Filter>
    <Filter Include="Source Files">
      <UniqueIdentifier>{4FC737F1-C7A5-4376-A066-2A32D752A2FF}</UniqueIdentifier>
      <Extensions>cpp;c;cc;cxx;def;odl;idl;hpj;bat;asm;asmx</Extensions>
    </Filter>
  </ItemGroup>
  <ItemGroup>
    <ClInclude Include="lib\lzma\Alloc.h">
      <Filter>Header Files</Filter>
    </ClInclude>
    <ClInclude Include="include\attr.h">
      <Filter>Header Files</Filter>
    </ClInclude>
    <ClInclude Include="include\awd.h">
      <Filter>Header Files</Filter>
    </ClInclude>
    <ClInclude Include="include\awd_types.h">
      <Filter>Header Files</Filter>
    </ClInclude>
    <ClInclude Include="include\awdlzma.h">
      <Filter>Header Files</Filter>
    </ClInclude>
    <ClInclude Include="include\awdzlib.h">
      <Filter>Header Files</Filter>
    </ClInclude>
    <ClInclude Include="include\block.h">
      <Filter>Header Files</Filter>
    </ClInclude>
    <ClInclude Include="lib\lzma\Bra.h">
      <Filter>Header Files</Filter>
    </ClInclude>
    <ClInclude Include="include\camera.h">
      <Filter>Header Files</Filter>
    </ClInclude>
    <ClInclude Include="lib\zlib\crc32.h">
      <Filter>Header Files</Filter>
    </ClInclude>
    <ClInclude Include="lib\zlib\deflate.h">
      <Filter>Header Files</Filter>
    </ClInclude>
    <ClInclude Include="lib\zlib\inffast.h">
      <Filter>Header Files</Filter>
    </ClInclude>
    <ClInclude Include="lib\zlib\inffixed.h">
      <Filter>Header Files</Filter>
    </ClInclude>
    <ClInclude Include="lib\zlib\inflate.h">
      <Filter>Header Files</Filter>
    </ClInclude>
    <ClInclude Include="lib\zlib\inftrees.h">
      <Filter>Header Files</Filter>
    </ClInclude>
    <ClInclude Include="include\libawd.h">
      <Filter>Header Files</Filter>
    </ClInclude>
    <ClInclude Include="lib\lzma\LzFind.h">
      <Filter>Header Files</Filter>
    </ClInclude>
    <ClInclude Include="lib\lzma\LzFindMt.h">
      <Filter>Header Files</Filter>
    </ClInclude>
    <ClInclude Include="lib\lzma\LzHash.h">
      <Filter>Header Files</Filter>
    </ClInclude>
    <ClInclude Include="lib\lzma\LzmaDec.h">
      <Filter>Header Files</Filter>
    </ClInclude>
    <ClInclude Include="lib\lzma\LzmaEnc.h">
      <Filter>Header Files</Filter>
    </ClInclude>
    <ClInclude Include="lib\lzma\LzmaLib.h">
      <Filter>Header Files</Filter>
    </ClInclude>
    <ClInclude Include="include\material.h">
      <Filter>Header Files</Filter>
    </ClInclude>
    <ClInclude Include="include\mesh.h">
      <Filter>Header Files</Filter>
    </ClInclude>
    <ClInclude Include="include\meta.h">
      <Filter>Header Files</Filter>
    </ClInclude>
    <ClInclude Include="include\name.h">
      <Filter>Header Files</Filter>
    </ClInclude>
    <ClInclude Include="include\ns.h">
      <Filter>Header Files</Filter>
    </ClInclude>
    <ClInclude Include="include\platform.h">
      <Filter>Header Files</Filter>
    </ClInclude>
    <ClInclude Include="include\scene.h">
      <Filter>Header Files</Filter>
    </ClInclude>
    <ClInclude Include="include\shading.h">
      <Filter>Header Files</Filter>
    </ClInclude>
    <ClInclude Include="include\skelanim.h">
      <Filter>Header Files</Filter>
    </ClInclude>
    <ClInclude Include="include\skeleton.h">
      <Filter>Header Files</Filter>
    </ClInclude>
    <ClInclude Include="include\stream.h">
      <Filter>Header Files</Filter>
    </ClInclude>
    <ClInclude Include="include\texture.h">
      <Filter>Header Files</Filter>
    </ClInclude>
    <ClInclude Include="lib\zlib\trees.h">
      <Filter>Header Files</Filter>
    </ClInclude>
    <ClInclude Include="lib\lzma\Types.h">
      <Filter>Header Files</Filter>
    </ClInclude>
    <ClInclude Include="include\util.h">
      <Filter>Header Files</Filter>
    </ClInclude>
    <ClInclude Include="include\uvanim.h">
      <Filter>Header Files</Filter>
    </ClInclude>
    <ClInclude Include="lib\zlib\zconf.h">
      <Filter>Header Files</Filter>
    </ClInclude>
    <ClInclude Include="lib\zlib\zlib.h">
      <Filter>Header Files</Filter>
    </ClInclude>
    <ClInclude Include="lib\zlib\zutil.h">
      <Filter>Header Files</Filter>
    </ClInclude>
    <ClInclude Include="include\geomutil.h">
      <Filter>Header Files</Filter>
    </ClInclude>
    <ClInclude Include="include\anim.h">
      <Filter>Header Files</Filter>
    </ClInclude>
    <ClInclude Include="include\vertexanim.h">
      <Filter>Header Files</Filter>
    </ClInclude>
    <ClInclude Include="include\geomutilhelper.h">
      <Filter>Header Files</Filter>
    </ClInclude>
    <ClInclude Include="include\primitive.h">
      <Filter>Header Files</Filter>
    </ClInclude>
    <ClInclude Include="include\light.h">
      <Filter>Header Files</Filter>
    </ClInclude>
    <ClInclude Include="include\method.h">
      <Filter>Header Files</Filter>
    </ClInclude>
  </ItemGroup>
  <ItemGroup>
    <ClCompile Include="lib\zlib\adler32.c">
      <Filter>Source Files</Filter>
    </ClCompile>
    <ClCompile Include="lib\lzma\Alloc.c">
      <Filter>Source Files</Filter>
    </ClCompile>
    <ClCompile Include="src\attr.cc">
      <Filter>Source Files</Filter>
    </ClCompile>
    <ClCompile Include="src\awd.cc">
      <Filter>Source Files</Filter>
    </ClCompile>
    <ClCompile Include="src\awdlzma.cc">
      <Filter>Source Files</Filter>
    </ClCompile>
    <ClCompile Include="src\awdzlib.cc">
      <Filter>Source Files</Filter>
    </ClCompile>
    <ClCompile Include="src\block.cc">
      <Filter>Source Files</Filter>
    </ClCompile>
    <ClCompile Include="lib\lzma\Bra.c">
      <Filter>Source Files</Filter>
    </ClCompile>
    <ClCompile Include="src\camera.cc">
      <Filter>Source Files</Filter>
    </ClCompile>
    <ClCompile Include="lib\zlib\crc32.c">
      <Filter>Source Files</Filter>
    </ClCompile>
    <ClCompile Include="lib\zlib\deflate.c">
      <Filter>Source Files</Filter>
    </ClCompile>
    <ClCompile Include="src\geomutil.cc">
      <Filter>Source Files</Filter>
    </ClCompile>
    <ClCompile Include="lib\zlib\inffast.c">
      <Filter>Source Files</Filter>
    </ClCompile>
    <ClCompile Include="lib\zlib\inflate.c">
      <Filter>Source Files</Filter>
    </ClCompile>
    <ClCompile Include="src\light.cc">
      <Filter>Source Files</Filter>
    </ClCompile>
    <ClCompile Include="lib\lzma\LzFind.c">
      <Filter>Source Files</Filter>
    </ClCompile>
    <ClCompile Include="lib\lzma\LzmaDec.c">
      <Filter>Source Files</Filter>
    </ClCompile>
    <ClCompile Include="lib\lzma\LzmaEnc.c">
      <Filter>Source Files</Filter>
    </ClCompile>
    <ClCompile Include="lib\lzma\LzmaLib.c">
      <Filter>Source Files</Filter>
    </ClCompile>
    <ClCompile Include="src\material.cc">
      <Filter>Source Files</Filter>
    </ClCompile>
    <ClCompile Include="src\mesh.cc">
      <Filter>Source Files</Filter>
    </ClCompile>
    <ClCompile Include="src\meta.cc">
      <Filter>Source Files</Filter>
    </ClCompile>
    <ClCompile Include="src\name.cc">
      <Filter>Source Files</Filter>
    </ClCompile>
    <ClCompile Include="src\ns.cc">
      <Filter>Source Files</Filter>
    </ClCompile>
    <ClCompile Include="src\primitive.cc">
      <Filter>Source Files</Filter>
    </ClCompile>
    <ClCompile Include="src\scene.cc">
      <Filter>Source Files</Filter>
    </ClCompile>
    <ClCompile Include="src\shading.cc">
      <Filter>Source Files</Filter>
    </ClCompile>
    <ClCompile Include="src\skelanim.cc">
      <Filter>Source Files</Filter>
    </ClCompile>
    <ClCompile Include="src\skeleton.cc">
      <Filter>Source Files</Filter>
    </ClCompile>
    <ClCompile Include="src\stream.cc">
      <Filter>Source Files</Filter>
    </ClCompile>
    <ClCompile Include="src\texture.cc">
      <Filter>Source Files</Filter>
    </ClCompile>
    <ClCompile Include="lib\zlib\trees.c">
      <Filter>Source Files</Filter>
    </ClCompile>
    <ClCompile Include="src\util.cc">
      <Filter>Source Files</Filter>
    </ClCompile>
    <ClCompile Include="src\uvanim.cc">
      <Filter>Source Files</Filter>
    </ClCompile>
    <ClCompile Include="lib\zlib\zutil.c">
      <Filter>Source Files</Filter>
    </ClCompile>
    <ClCompile Include="src\vertexanim.cc">
      <Filter>Source Files</Filter>
    </ClCompile>
    <ClCompile Include="src\anim.cc">
      <Filter>Source Files</Filter>
    </ClCompile>
    <ClCompile Include="src\geomutilhelper.cc">
      <Filter>Source Files</Filter>
    </ClCompile>
    <ClCompile Include="src\method.cc">
      <Filter>Source Files</Filter>
    </ClCompile>
  </ItemGroup>
  <ItemGroup>
    <None Include="lib\lzma\README" />
  </ItemGroup>
</Project>